
Microsoft Visual Studio Solution File, Format Version 12.00
# Visual Studio Version 17
VisualStudioVersion = 17.4.33205.214
MinimumVisualStudioVersion = 10.0.40219.1
Project("{FAE04EC0-301F-11D3-BF4B-00C04F79EFBC}") = "MathtasticVoyage", "MathtasticVoyage\MathtasticVoyage.csproj", "{EF1130BB-0B79-452C-8BD8-046844A5C047}"
EndProject
Global
	GlobalSection(SolutionConfigurationPlatforms) = preSolution
		Debug|Any CPU = Debug|Any CPU
		Release|Any CPU = Release|Any CPU
	EndGlobalSection
	GlobalSection(ProjectConfigurationPlatforms) = postSolution
		{EF1130BB-0B79-452C-8BD8-046844A5C047}.Debug|Any CPU.ActiveCfg = Debug|Any CPU
		{EF1130BB-0B79-452C-8BD8-046844A5C047}.Debug|Any CPU.Build.0 = Debug|Any CPU
		{EF1130BB-0B79-452C-8BD8-046844A5C047}.Release|Any CPU.ActiveCfg = Release|Any CPU
		{EF1130BB-0B79-452C-8BD8-046844A5C047}.Release|Any CPU.Build.0 = Release|Any CPU
	EndGlobalSection
	GlobalSection(SolutionProperties) = preSolution
		HideSolutionNode = FALSE
	EndGlobalSection
	GlobalSection(ExtensibilityGlobals) = postSolution
		SolutionGuid = {E761D2EA-D77D-45A2-B56C-A68E59F1B3E9}
	EndGlobalSection
EndGlobal
